// !$*UTF8*$!
{
	archiveVersion = 1;
	classes = {
	};
	objectVersion = 46;
	objects = {

/* Begin PBXBuildFile section */
		A40E869E1C527AF400AE182D /* GameScene.swift in Sources */ = {isa = PBXBuildFile; fileRef = A40E869D1C527AF400AE182D /* GameScene.swift */; };
		A40E86A31C527AF400AE182D /* Main.storyboard in Resources */ = {isa = PBXBuildFile; fileRef = A40E86A11C527AF400AE182D /* Main.storyboard */; };
		A40E86B01C527CAB00AE182D /* PhysicsCategory.swift in Sources */ = {isa = PBXBuildFile; fileRef = A40E86AF1C527CAB00AE182D /* PhysicsCategory.swift */; };
		A41312F21EFFA7D200D9C28C /* Assets.xcassets in Resources */ = {isa = PBXBuildFile; fileRef = A41312F11EFFA7D200D9C28C /* Assets.xcassets */; };
		A42C938E1D8AF41E00036B31 /* 04B_19.TTF in Resources */ = {isa = PBXBuildFile; fileRef = A42C938D1D8AF41E00036B31 /* 04B_19.TTF */; };
		A4B285721CE2F3C50019EE62 /* AppDelegate.swift in Sources */ = {isa = PBXBuildFile; fileRef = A4B285711CE2F3C50019EE62 /* AppDelegate.swift */; };
		A4B285741CE2F3EC0019EE62 /* GameScene.sks in Resources */ = {isa = PBXBuildFile; fileRef = A4B285731CE2F3EC0019EE62 /* GameScene.sks */; };
		A4B285761CE2F3F50019EE62 /* GameViewController.swift in Sources */ = {isa = PBXBuildFile; fileRef = A4B285751CE2F3F50019EE62 /* GameViewController.swift */; };
		A4B285781CE2F41A0019EE62 /* LaunchScreen.storyboard in Resources */ = {isa = PBXBuildFile; fileRef = A4B285771CE2F41A0019EE62 /* LaunchScreen.storyboard */; };
		A4C2D8ED1F0E624C0089E481 /* bird_flap.wav in Resources */ = {isa = PBXBuildFile; fileRef = A4C2D8EB1F0E624C0089E481 /* bird_flap.wav */; };
		A4C2D8EE1F0E624C0089E481 /* bird_collision.wav in Resources */ = {isa = PBXBuildFile; fileRef = A4C2D8EC1F0E624C0089E481 /* bird_collision.wav */; };
		A4C2D8F01F0E66A20089E481 /* bird_fall.wav in Resources */ = {isa = PBXBuildFile; fileRef = A4C2D8EF1F0E66A20089E481 /* bird_fall.wav */; };
		A4CF517D1F0E2DE0001973CA /* Bird.atlas in Resources */ = {isa = PBXBuildFile; fileRef = A4CF517C1F0E2DE0001973CA /* Bird.atlas */; };
/* End PBXBuildFile section */

/* Begin PBXFileReference section */
		A40E86961C527AF400AE182D /* Flappy.app */ = {isa = PBXFileReference; explicitFileType = wrapper.application; includeInIndex = 0; path = Flappy.app; sourceTree = BUILT_PRODUCTS_DIR; };
		A40E869D1C527AF400AE182D /* GameScene.swift */ = {isa = PBXFileReference; lastKnownFileType = sourcecode.swift; path = GameScene.swift; sourceTree = "<group>"; };
		A40E86A21C527AF400AE182D /* Base */ = {isa = PBXFileReference; lastKnownFileType = file.storyboard; name = Base; path = Base.lproj/Main.storyboard; sourceTree = "<group>"; };
		A40E86A91C527AF400AE182D /* Info.plist */ = {isa = PBXFileReference; lastKnownFileType = text.plist.xml; path = Info.plist; sourceTree = "<group>"; };
		A40E86AF1C527CAB00AE182D /* PhysicsCategory.swift */ = {isa = PBXFileReference; fileEncoding = 4; lastKnownFileType = sourcecode.swift; path = PhysicsCategory.swift; sourceTree = "<group>"; };
		A41312F11EFFA7D200D9C28C /* Assets.xcassets */ = {isa = PBXFileReference; lastKnownFileType = folder.assetcatalog; path = Assets.xcassets; sourceTree = "<group>"; };
		A42C938D1D8AF41E00036B31 /* 04B_19.TTF */ = {isa = PBXFileReference; lastKnownFileType = file; path = 04B_19.TTF; sourceTree = "<group>"; };
		A4B285711CE2F3C50019EE62 /* AppDelegate.swift */ = {isa = PBXFileReference; fileEncoding = 4; lastKnownFileType = sourcecode.swift; path = AppDelegate.swift; sourceTree = "<group>"; };
		A4B285731CE2F3EC0019EE62 /* GameScene.sks */ = {isa = PBXFileReference; lastKnownFileType = file.sks; path = GameScene.sks; sourceTree = "<group>"; };
		A4B285751CE2F3F50019EE62 /* GameViewController.swift */ = {isa = PBXFileReference; fileEncoding = 4; lastKnownFileType = sourcecode.swift; path = GameViewController.swift; sourceTree = "<group>"; };
		A4B285771CE2F41A0019EE62 /* LaunchScreen.storyboard */ = {isa = PBXFileReference; fileEncoding = 4; lastKnownFileType = file.storyboard; name = LaunchScreen.storyboard; path = ../LaunchScreen.storyboard; sourceTree = "<group>"; };
		A4C2D8EB1F0E624C0089E481 /* bird_flap.wav */ = {isa = PBXFileReference; lastKnownFileType = audio.wav; path = bird_flap.wav; sourceTree = "<group>"; };
		A4C2D8EC1F0E624C0089E481 /* bird_collision.wav */ = {isa = PBXFileReference; lastKnownFileType = audio.wav; path = bird_collision.wav; sourceTree = "<group>"; };
		A4C2D8EF1F0E66A20089E481 /* bird_fall.wav */ = {isa = PBXFileReference; lastKnownFileType = audio.wav; path = bird_fall.wav; sourceTree = "<group>"; };
		A4CF517C1F0E2DE0001973CA /* Bird.atlas */ = {isa = PBXFileReference; lastKnownFileType = folder.skatlas; path = Bird.atlas; sourceTree = "<group>"; };
/* End PBXFileReference section */

/* Begin PBXFrameworksBuildPhase section */
		A40E86931C527AF400AE182D /* Frameworks */ = {
			isa = PBXFrameworksBuildPhase;
			buildActionMask = 2147483647;
			files = (
			);
			runOnlyForDeploymentPostprocessing = 0;
		};
/* End PBXFrameworksBuildPhase section */

/* Begin PBXGroup section */
		A40E868D1C527AF400AE182D = {
			isa = PBXGroup;
			children = (
				A40E86981C527AF400AE182D /* Flappy */,
				A40E86971C527AF400AE182D /* Products */,
			);
			sourceTree = "<group>";
		};
		A40E86971C527AF400AE182D /* Products */ = {
			isa = PBXGroup;
			children = (
				A40E86961C527AF400AE182D /* Flappy.app */,
			);
			name = Products;
			sourceTree = "<group>";
		};
		A40E86981C527AF400AE182D /* Flappy */ = {
			isa = PBXGroup;
			children = (
				A4B285711CE2F3C50019EE62 /* AppDelegate.swift */,
				A40E869D1C527AF400AE182D /* GameScene.swift */,
				A40E86AF1C527CAB00AE182D /* PhysicsCategory.swift */,
				A4C2D8EB1F0E624C0089E481 /* bird_flap.wav */,
				A4C2D8EC1F0E624C0089E481 /* bird_collision.wav */,
				A4C2D8EF1F0E66A20089E481 /* bird_fall.wav */,
				A4CF517C1F0E2DE0001973CA /* Bird.atlas */,
				A4B285731CE2F3EC0019EE62 /* GameScene.sks */,
				A4B285771CE2F41A0019EE62 /* LaunchScreen.storyboard */,
				A41312F11EFFA7D200D9C28C /* Assets.xcassets */,
				A40E86A11C527AF400AE182D /* Main.storyboard */,
				A4B285751CE2F3F50019EE62 /* GameViewController.swift */,
				A42C938D1D8AF41E00036B31 /* 04B_19.TTF */,
				A40E86A91C527AF400AE182D /* Info.plist */,
			);
			path = Flappy;
			sourceTree = "<group>";
		};
/* End PBXGroup section */

/* Begin PBXNativeTarget section */
		A40E86951C527AF400AE182D /* Flappy */ = {
			isa = PBXNativeTarget;
			buildConfigurationList = A40E86AC1C527AF400AE182D /* Build configuration list for PBXNativeTarget "Flappy" */;
			buildPhases = (
				A40E86921C527AF400AE182D /* Sources */,
				A40E86931C527AF400AE182D /* Frameworks */,
				A40E86941C527AF400AE182D /* Resources */,
			);
			buildRules = (
			);
			dependencies = (
			);
			name = Flappy;
			productName = Flappy;
			productReference = A40E86961C527AF400AE182D /* Flappy.app */;
			productType = "com.apple.product-type.application";
		};
/* End PBXNativeTarget section */

/* Begin PBXProject section */
		A40E868E1C527AF400AE182D /* Project object */ = {
			isa = PBXProject;
			attributes = {
				LastSwiftUpdateCheck = 0720;
				LastUpgradeCheck = 0930;
				ORGANIZATIONNAME = "Aryan Chaubal";
				TargetAttributes = {
					A40E86951C527AF400AE182D = {
						CreatedOnToolsVersion = 7.2;
						DevelopmentTeam = P773Z36HNN;
						LastSwiftMigration = 0930;
						ProvisioningStyle = Automatic;
					};
				};
			};
			buildConfigurationList = A40E86911C527AF400AE182D /* Build configuration list for PBXProject "Flappy" */;
			compatibilityVersion = "Xcode 3.2";
			developmentRegion = English;
			hasScannedForEncodings = 0;
			knownRegions = (
				en,
				Base,
			);
			mainGroup = A40E868D1C527AF400AE182D;
			productRefGroup = A40E86971C527AF400AE182D /* Products */;
			projectDirPath = "";
			projectRoot = "";
			targets = (
				A40E86951C527AF400AE182D /* Flappy */,
			);
		};
/* End PBXProject section */

/* Begin PBXResourcesBuildPhase section */
		A40E86941C527AF400AE182D /* Resources */ = {
			isa = PBXResourcesBuildPhase;
			buildActionMask = 2147483647;
			files = (
				A4C2D8F01F0E66A20089E481 /* bird_fall.wav in Resources */,
				A4CF517D1F0E2DE0001973CA /* Bird.atlas in Resources */,
				A4C2D8ED1F0E624C0089E481 /* bird_flap.wav in Resources */,
				A4C2D8EE1F0E624C0089E481 /* bird_collision.wav in Resources */,
				A4B285741CE2F3EC0019EE62 /* GameScene.sks in Resources */,
				A42C938E1D8AF41E00036B31 /* 04B_19.TTF in Resources */,
				A4B285781CE2F41A0019EE62 /* LaunchScreen.storyboard in Resources */,
				A40E86A31C527AF400AE182D /* Main.storyboard in Resources */,
				A41312F21EFFA7D200D9C28C /* Assets.xcassets in Resources */,
			);
			runOnlyForDeploymentPostprocessing = 0;
		};
/* End PBXResourcesBuildPhase section */

/* Begin PBXSourcesBuildPhase section */
		A40E86921C527AF400AE182D /* Sources */ = {
			isa = PBXSourcesBuildPhase;
			buildActionMask = 2147483647;
			files = (
				A4B285761CE2F3F50019EE62 /* GameViewController.swift in Sources */,
				A4B285721CE2F3C50019EE62 /* AppDelegate.swift in Sources */,
				A40E869E1C527AF400AE182D /* GameScene.swift in Sources */,
				A40E86B01C527CAB00AE182D /* PhysicsCategory.swift in Sources */,
			);
			runOnlyForDeploymentPostprocessing = 0;
		};
/* End PBXSourcesBuildPhase section */

/* Begin PBXVariantGroup section */
		A40E86A11C527AF400AE182D /* Main.storyboard */ = {
			isa = PBXVariantGroup;
			children = (
				A40E86A21C527AF400AE182D /* Base */,
			);
			name = Main.storyboard;
			sourceTree = "<group>";
		};
/* End PBXVariantGroup section */

/* Begin XCBuildConfiguration section */
		A40E86AA1C527AF400AE182D /* Debug */ = {
			isa = XCBuildConfiguration;
			buildSettings = {
				ALWAYS_SEARCH_USER_PATHS = NO;
				CLANG_CXX_LANGUAGE_STANDARD = "gnu++0x";
				CLANG_CXX_LIBRARY = "libc++";
				CLANG_ENABLE_MODULES = YES;
				CLANG_ENABLE_OBJC_ARC = YES;
				CLANG_WARN_BLOCK_CAPTURE_AUTORELEASING = YES;
				CLANG_WARN_BOOL_CONVERSION = YES;
				CLANG_WARN_COMMA = YES;
				CLANG_WARN_CONSTANT_CONVERSION = YES;
				CLANG_WARN_DEPRECATED_OBJC_IMPLEMENTATIONS = YES;
				CLANG_WARN_DIRECT_OBJC_ISA_USAGE = YES_ERROR;
				CLANG_WARN_EMPTY_BODY = YES;
				CLANG_WARN_ENUM_CONVERSION = YES;
				CLANG_WARN_INFINITE_RECURSION = YES;
				CLANG_WARN_INT_CONVERSION = YES;
				CLANG_WARN_NON_LITERAL_NULL_CONVERSION = YES;
				CLANG_WARN_OBJC_IMPLICIT_RETAIN_SELF = YES;
				CLANG_WARN_OBJC_LITERAL_CONVERSION = YES;
				CLANG_WARN_OBJC_ROOT_CLASS = YES_ERROR;
				CLANG_WARN_RANGE_LOOP_ANALYSIS = YES;
				CLANG_WARN_STRICT_PROTOTYPES = YES;
				CLANG_WARN_SUSPICIOUS_MOVE = YES;
				CLANG_WARN_UNREACHABLE_CODE = YES;
				CLANG_WARN__DUPLICATE_METHOD_MATCH = YES;
				"CODE_SIGN_IDENTITY[sdk=iphoneos*]" = "iPhone Developer";
				COPY_PHASE_STRIP = NO;
				DEBUG_INFORMATION_FORMAT = "dwarf-with-dsym";
				ENABLE_STRICT_OBJC_MSGSEND = YES;
				ENABLE_TESTABILITY = YES;
				GCC_C_LANGUAGE_STANDARD = gnu99;
				GCC_DYNAMIC_NO_PIC = NO;
				GCC_NO_COMMON_BLOCKS = YES;
				GCC_OPTIMIZATION_LEVEL = 0;
				GCC_PREPROCESSOR_DEFINITIONS = (
					"DEBUG=1",
					"$(inherited)",
				);
				GCC_WARN_64_TO_32_BIT_CONVERSION = YES;
				GCC_WARN_ABOUT_RETURN_TYPE = YES_ERROR;
				GCC_WARN_UNDECLARED_SELECTOR = YES;
				GCC_WARN_UNINITIALIZED_AUTOS = YES_AGGRESSIVE;
				GCC_WARN_UNUSED_FUNCTION = YES;
				GCC_WARN_UNUSED_VARIABLE = YES;
				IPHONEOS_DEPLOYMENT_TARGET = 9.3;
				MTL_ENABLE_DEBUG_INFO = YES;
				ONLY_ACTIVE_ARCH = YES;
				SDKROOT = iphoneos;
				SWIFT_OPTIMIZATION_LEVEL = "-Onone";
			};
			name = Debug;
		};
		A40E86AB1C527AF400AE182D /* Release */ = {
			isa = XCBuildConfiguration;
			buildSettings = {
				ALWAYS_SEARCH_USER_PATHS = NO;
				CLANG_CXX_LANGUAGE_STANDARD = "gnu++0x";
				CLANG_CXX_LIBRARY = "libc++";
				CLANG_ENABLE_MODULES = YES;
				CLANG_ENABLE_OBJC_ARC = YES;
				CLANG_WARN_BLOCK_CAPTURE_AUTORELEASING = YES;
				CLANG_WARN_BOOL_CONVERSION = YES;
				CLANG_WARN_COMMA = YES;
				CLANG_WARN_CONSTANT_CONVERSION = YES;
				CLANG_WARN_DEPRECATED_OBJC_IMPLEMENTATIONS = YES;
				CLANG_WARN_DIRECT_OBJC_ISA_USAGE = YES_ERROR;
				CLANG_WARN_EMPTY_BODY = YES;
				CLANG_WARN_ENUM_CONVERSION = YES;
				CLANG_WARN_INFINITE_RECURSION = YES;
				CLANG_WARN_INT_CONVERSION = YES;
				CLANG_WARN_NON_LITERAL_NULL_CONVERSION = YES;
				CLANG_WARN_OBJC_IMPLICIT_RETAIN_SELF = YES;
				CLANG_WARN_OBJC_LITERAL_CONVERSION = YES;
				CLANG_WARN_OBJC_ROOT_CLASS = YES_ERROR;
				CLANG_WARN_RANGE_LOOP_ANALYSIS = YES;
				CLANG_WARN_STRICT_PROTOTYPES = YES;
				CLANG_WARN_SUSPICIOUS_MOVE = YES;
				CLANG_WARN_UNREACHABLE_CODE = YES;
				CLANG_WARN__DUPLICATE_METHOD_MATCH = YES;
				"CODE_SIGN_IDENTITY[sdk=iphoneos*]" = "iPhone Developer";
				COPY_PHASE_STRIP = NO;
				DEBUG_INFORMATION_FORMAT = "dwarf-with-dsym";
				ENABLE_NS_ASSERTIONS = NO;
				ENABLE_STRICT_OBJC_MSGSEND = YES;
				GCC_C_LANGUAGE_STANDARD = gnu99;
				GCC_NO_COMMON_BLOCKS = YES;
				GCC_WARN_64_TO_32_BIT_CONVERSION = YES;
				GCC_WARN_ABOUT_RETURN_TYPE = YES_ERROR;
				GCC_WARN_UNDECLARED_SELECTOR = YES;
				GCC_WARN_UNINITIALIZED_AUTOS = YES_AGGRESSIVE;
				GCC_WARN_UNUSED_FUNCTION = YES;
				GCC_WARN_UNUSED_VARIABLE = YES;
				IPHONEOS_DEPLOYMENT_TARGET = 9.3;
				MTL_ENABLE_DEBUG_INFO = NO;
				SDKROOT = iphoneos;
				SWIFT_OPTIMIZATION_LEVEL = "-Owholemodule";
				VALIDATE_PRODUCT = YES;
			};
			name = Release;
		};
		A40E86AD1C527AF400AE182D /* Debug */ = {
			isa = XCBuildConfiguration;
			buildSettings = {
				ASSETCATALOG_COMPILER_APPICON_NAME = AppIcon;
				"CODE_SIGN_IDENTITY[sdk=iphoneos*]" = "iPhone Developer";
				DEVELOPMENT_TEAM = P773Z36HNN;
				INFOPLIST_FILE = Flappy/Info.plist;
				IPHONEOS_DEPLOYMENT_TARGET = 10;
				LD_RUNPATH_SEARCH_PATHS = "$(inherited) @executable_path/Frameworks";
				PRODUCT_BUNDLE_IDENTIFIER = com.aryanchaubal.flappy;
				PRODUCT_NAME = "$(TARGET_NAME)";
				PROVISIONING_PROFILE_SPECIFIER = "";
				SWIFT_SWIFT3_OBJC_INFERENCE = On;
				SWIFT_VERSION = 4.0;
				TARGETED_DEVICE_FAMILY = "1,2";
			};
			name = Debug;
		};
		A40E86AE1C527AF400AE182D /* Release */ = {
			isa = XCBuildConfiguration;
			buildSettings = {
				ASSETCATALOG_COMPILER_APPICON_NAME = AppIcon;
				"CODE_SIGN_IDENTITY[sdk=iphoneos*]" = "iPhone Developer";
				DEVELOPMENT_TEAM = P773Z36HNN;
				INFOPLIST_FILE = Flappy/Info.plist;
				IPHONEOS_DEPLOYMENT_TARGET = 10;
				LD_RUNPATH_SEARCH_PATHS = "$(inherited) @executable_path/Frameworks";
				PRODUCT_BUNDLE_IDENTIFIER = com.aryanchaubal.flappy;
				PRODUCT_NAME = "$(TARGET_NAME)";
				PROVISIONING_PROFILE_SPECIFIER = "";
				SWIFT_SWIFT3_OBJC_INFERENCE = On;
				SWIFT_VERSION = 4.0;
				TARGETED_DEVICE_FAMILY = "1,2";
			};
			name = Release;
		};
/* End XCBuildConfiguration section */

/* Begin XCConfigurationList section */
		A40E86911C527AF400AE182D /* Build configuration list for PBXProject "Flappy" */ = {
			isa = XCConfigurationList;
			buildConfigurations = (
				A40E86AA1C527AF400AE182D /* Debug */,
				A40E86AB1C527AF400AE182D /* Release */,
			);
			defaultConfigurationIsVisible = 0;
			defaultConfigurationName = Release;
		};
		A40E86AC1C527AF400AE182D /* Build configuration list for PBXNativeTarget "Flappy" */ = {
			isa = XCConfigurationList;
			buildConfigurations = (
				A40E86AD1C527AF400AE182D /* Debug */,
				A40E86AE1C527AF400AE182D /* Release */,
			);
			defaultConfigurationIsVisible = 0;
			defaultConfigurationName = Release;
		};
/* End XCConfigurationList section */
	};
	rootObject = A40E868E1C527AF400AE182D /* Project object */;
}
